{
    "_readme": [
        "This file locks the dependencies of your project to a known state",
        "Read more about it at https://getcomposer.org/doc/01-basic-usage.md#composer-lock-the-lock-file",
        "This file is @generated automatically"
    ],
    "content-hash": "b4eab5ef866de8a7ede234f91efcbdf4",
    "packages": [
        {
            "name": "aryelgois/utils",
            "version": "dev-master",
            "source": {
                "type": "git",
                "url": "https://github.com/aryelgois/utils.git",
                "reference": "47a1656140c274daca2fdb4646b83c0e29899bc6"
            },
            "dist": {
                "type": "zip",
                "url": "https://api.github.com/repos/aryelgois/utils/zipball/47a1656140c274daca2fdb4646b83c0e29899bc6",
                "reference": "47a1656140c274daca2fdb4646b83c0e29899bc6",
                "shasum": ""
            },
            "require": {
                "php": "^7.0"
            },
            "type": "library",
            "autoload": {
                "psr-4": {
                    "aryelgois\\Utils\\": "src/"
                }
            },
            "notification-url": "https://packagist.org/downloads/",
            "license": [
                "MIT"
            ],
            "authors": [
                {
                    "name": "Aryel Mota Góis",
                    "role": "Developer"
                }
            ],
            "description": "Useful methods for not repeating myself",
            "keywords": [
                "utils"
            ],
            "time": "2017-10-01T18:24:50+00:00"
        }
    ],
    "packages-dev": [],
    "aliases": [],
    "minimum-stability": "stable",
    "stability-flags": {
        "aryelgois/utils": 20
    },
    "prefer-stable": false,
    "prefer-lowest": false,
    "platform": [],
    "platform-dev": []
}
