{
    "_readme": [
        "This file locks the dependencies of your project to a known state",
        "Read more about it at https://getcomposer.org/doc/01-basic-usage.md#composer-lock-the-lock-file",
        "This file is @generated automatically"
    ],
    "content-hash": "8b0822e15f7dbf9bb3e6b885c68a4e0d",
    "packages": [
        {
            "name": "aryelgois/utils",
            "version": "v0.3.0",
            "source": {
                "type": "git",
                "url": "https://github.com/aryelgois/utils.git",
                "reference": "449383ce0393eaf975deb64e91b8a8e50bc629eb"
            },
            "dist": {
                "type": "zip",
                "url": "https://api.github.com/repos/aryelgois/utils/zipball/449383ce0393eaf975deb64e91b8a8e50bc629eb",
                "reference": "449383ce0393eaf975deb64e91b8a8e50bc629eb",
                "shasum": ""
            },
            "require": {
                "php": "^7.0"
            },
            "type": "library",
            "autoload": {
                "psr-4": {
                    "aryelgois\\Utils\\": "src/"
                }
            },
            "notification-url": "https://packagist.org/downloads/",
            "license": [
                "MIT"
            ],
            "authors": [
                {
                    "name": "Aryel Mota Góis",
                    "role": "Developer"
                }
            ],
            "description": "Useful methods for not repeating myself",
            "keywords": [
                "utils"
            ],
            "time": "2018-02-17T03:29:37+00:00"
        }
    ],
    "packages-dev": [],
    "aliases": [],
    "minimum-stability": "stable",
    "stability-flags": [],
    "prefer-stable": false,
    "prefer-lowest": false,
    "platform": [],
    "platform-dev": []
}
