{
    "_readme": [
        "This file locks the dependencies of your project to a known state",
        "Read more about it at https://getcomposer.org/doc/01-basic-usage.md#composer-lock-the-lock-file",
        "This file is @generated automatically"
    ],
    "content-hash": "6f0f9578a531af488457b8a2586809f1",
    "packages": [
        {
            "name": "aryelgois/utils",
            "version": "v0.2.1",
            "source": {
                "type": "git",
                "url": "https://github.com/aryelgois/utils.git",
                "reference": "dcd2d5bd5866e4feaa1ad1e1a83c9b4f4217c3b0"
            },
            "dist": {
                "type": "zip",
                "url": "https://api.github.com/repos/aryelgois/utils/zipball/dcd2d5bd5866e4feaa1ad1e1a83c9b4f4217c3b0",
                "reference": "dcd2d5bd5866e4feaa1ad1e1a83c9b4f4217c3b0",
                "shasum": ""
            },
            "require": {
                "php": "^7.0"
            },
            "type": "library",
            "autoload": {
                "psr-4": {
                    "aryelgois\\Utils\\": "src/"
                }
            },
            "notification-url": "https://packagist.org/downloads/",
            "license": [
                "MIT"
            ],
            "authors": [
                {
                    "name": "Aryel Mota Góis",
                    "role": "Developer"
                }
            ],
            "description": "Useful methods for not repeating myself",
            "keywords": [
                "utils"
            ],
            "time": "2017-11-19T12:27:56+00:00"
        }
    ],
    "packages-dev": [],
    "aliases": [],
    "minimum-stability": "stable",
    "stability-flags": [],
    "prefer-stable": false,
    "prefer-lowest": false,
    "platform": [],
    "platform-dev": []
}
